// !$*UTF8*$!
{
	archiveVersion = 1;
	classes = {
	};
	objectVersion = 46;
	objects = {

/* Begin PBXBuildFile section */
		0B10000116CD7000006A0106 /* Esenthel Builder.cpp in Sources */ = {isa = PBXBuildFile; fileRef = 0B10001116CD7000006A0106 /* Esenthel Builder.cpp */; };
		0B10000216CD7000006A0106 /* EsenthelEngine.a in Frameworks */ = {isa = PBXBuildFile; fileRef = 0B10001216CD7000006A0106 /* EsenthelEngine.a */; };
		0B10000316CD7000006A0106 /* Icon.icns in Resources */ = {isa = PBXBuildFile; fileRef = 0B10001316CD7000006A0106 /* Icon.icns */; };
/* End PBXBuildFile section */

/* Begin PBXFileReference section */
		0B10001016CD7000006A0106 /* Project.app */ = {isa = PBXFileReference; explicitFileType = wrapper.application; includeInIndex = 0; path = Project.app; sourceTree = BUILT_PRODUCTS_DIR; };
		0B10001116CD7000006A0106 /* Esenthel Builder.cpp */ = {isa = PBXFileReference; fileEncoding = 4; lastKnownFileType = sourcecode.cpp.cpp; name = "Esenthel Builder.cpp"; path = "Source/Esenthel Builder.cpp"; sourceTree = "<group>"; };
		0B10001216CD7000006A0106 /* EsenthelEngine.a */ = {isa = PBXFileReference; lastKnownFileType = archive.ar; name = EsenthelEngine.a; path = ../Engine/Build/Release/EsenthelEngine.a; sourceTree = "<group>"; };
		0B10001316CD7000006A0106 /* Icon.icns */ = {isa = PBXFileReference; lastKnownFileType = image.icns; name = Icon.icns; path = Assets/Icon.icns; sourceTree = "<group>"; };
		0B10001416CD7000006A0106 /* Mac.plist */ = {isa = PBXFileReference; lastKnownFileType = text.plist.xml; name = Mac.plist; path = Assets/Mac.plist; sourceTree = "<group>"; };
		0B10001516CD7000006A0106 /* stdafx.h */ = {isa = PBXFileReference; fileEncoding = 4; lastKnownFileType = sourcecode.c.h; path = stdafx.h; sourceTree = "<group>"; };
/* End PBXFileReference section */

/* Begin PBXFrameworksBuildPhase section */
		0B10002016CD7000006A0106 /* Frameworks */ = {
			isa = PBXFrameworksBuildPhase;
			buildActionMask = 2147483647;
			files = (
				0B10000216CD7000006A0106 /* EsenthelEngine.a in Frameworks */,
			);
			runOnlyForDeploymentPostprocessing = 0;
		};
/* End PBXFrameworksBuildPhase section */

/* Begin PBXGroup section */
		0B10003016CD7000006A0106 /* H */ = {
			isa = PBXGroup;
			children = (
				0B10001516CD7000006A0106 /* stdafx.h */,
			);
			name = H;
			sourceTree = "<group>";
		};
		0B10003116CD7000006A0106 /* Source */ = {
			isa = PBXGroup;
			children = (
				0B10001116CD7000006A0106 /* Esenthel Builder.cpp */,
			);
			name = Source;
			sourceTree = "<group>";
		};
		19C28FACFE9D520D11CA2CBB /* Products */ = {
			isa = PBXGroup;
			children = (
				0B10001016CD7000006A0106 /* Project.app */,
			);
			name = Products;
			sourceTree = "<group>";
		};
		29B97314FDCFA39411CA2CEA /* Project */ = {
			isa = PBXGroup;
			children = (
				0B10003016CD7000006A0106 /* H */,
				0B10003116CD7000006A0106 /* Source */,
				29B97323FDCFA39411CA2CEA /* Frameworks */,
				29B97317FDCFA39411CA2CEA /* Assets */,
				19C28FACFE9D520D11CA2CBB /* Products */,
			);
			name = Project;
			sourceTree = "<group>";
		};
		29B97317FDCFA39411CA2CEA /* Assets */ = {
			isa = PBXGroup;
			children = (
				0B10001316CD7000006A0106 /* Icon.icns */,
				0B10001416CD7000006A0106 /* Mac.plist */,
			);
			name = Assets;
			sourceTree = "<group>";
		};
		29B97323FDCFA39411CA2CEA /* Frameworks */ = {
			isa = PBXGroup;
			children = (
				0B10001216CD7000006A0106 /* EsenthelEngine.a */,
			);
			name = Frameworks;
			sourceTree = "<group>";
		};
/* End PBXGroup section */

/* Begin PBXNativeTarget section */
		0B10004016CD7000006A0106 /* Mac */ = {
			isa = PBXNativeTarget;
			buildConfigurationList = 0B10005016CD7000006A0106 /* Build configuration list for PBXNativeTarget "Mac" */;
			buildPhases = (
				0B10002116CD7000006A0106 /* Sources */,
				0B10002016CD7000006A0106 /* Frameworks */,
				0B10002216CD7000006A0106 /* Resources */,
			);
			buildRules = (
			);
			dependencies = (
			);
			name = Mac;
			productName = Project;
			productReference = 0B10001016CD7000006A0106 /* Project.app */;
			productType = "com.apple.product-type.application";
		};
/* End PBXNativeTarget section */

/* Begin PBXProject section */
		29B97313FDCFA39411CA2CEA /* Project object */ = {
			isa = PBXProject;
			attributes = {
				LastUpgradeCheck = 1000;
				TargetAttributes = {
					0B10004016CD7000006A0106 = {
						DevelopmentTeam = 2KA8LL48VG;
						ProvisioningStyle = Automatic;
					};
				};
			};
			buildConfigurationList = C01FCF4E08A954540054247B /* Build configuration list for PBXProject "Project" */;
			compatibilityVersion = "Xcode 3.2";
			developmentRegion = English;
			hasScannedForEncodings = 1;
			knownRegions = (
				English,
				Japanese,
				French,
				German,
			);
			mainGroup = 29B97314FDCFA39411CA2CEA /* Project */;
			projectDirPath = "";
			projectRoot = "";
			targets = (
				0B10004016CD7000006A0106 /* Mac */,
			);
		};
/* End PBXProject section */

/* Begin PBXResourcesBuildPhase section */
		0B10002216CD7000006A0106 /* Resources */ = {
			isa = PBXResourcesBuildPhase;
			buildActionMask = 2147483647;
			files = (
				0B10000316CD7000006A0106 /* Icon.icns in Resources */,
			);
			runOnlyForDeploymentPostprocessing = 0;
		};
/* End PBXResourcesBuildPhase section */

/* Begin PBXSourcesBuildPhase section */
		0B10002116CD7000006A0106 /* Sources */ = {
			isa = PBXSourcesBuildPhase;
			buildActionMask = 2147483647;
			files = (
				0B10000116CD7000006A0106 /* Esenthel Builder.cpp in Sources */,
			);
			runOnlyForDeploymentPostprocessing = 0;
		};
/* End PBXSourcesBuildPhase section */

/* Begin XCBuildConfiguration section */
		0B10005116CD7000006A0106 /* Debug */ = {
			isa = XCBuildConfiguration;
			buildSettings = {
				CODE_SIGN_IDENTITY = "Apple Development";
				CODE_SIGN_STYLE = Automatic;
				CONFIGURATION_BUILD_DIR = .;
				COPY_PHASE_STRIP = NO;
				DEVELOPMENT_TEAM = 2KA8LL48VG;
				INFOPLIST_FILE = "$(SRCROOT)/Assets/Mac.plist";
				MACOSX_DEPLOYMENT_TARGET = 10.9;
				PRODUCT_NAME = Project;
				PROVISIONING_PROFILE_SPECIFIER = "";
				STRIP_INSTALLED_PRODUCT = YES;
			};
			name = Debug;
		};
		0B10005216CD7000006A0106 /* Release */ = {
			isa = XCBuildConfiguration;
			buildSettings = {
				CODE_SIGN_IDENTITY = "Apple Development";
				CODE_SIGN_STYLE = Automatic;
				CONFIGURATION_BUILD_DIR = .;
				DEVELOPMENT_TEAM = 2KA8LL48VG;
				INFOPLIST_FILE = "$(SRCROOT)/Assets/Mac.plist";
				MACOSX_DEPLOYMENT_TARGET = 10.9;
				PRODUCT_NAME = Project;
				PROVISIONING_PROFILE_SPECIFIER = "";
				STRIP_INSTALLED_PRODUCT = YES;
			};
			name = Release;
		};
		C01FCF4F08A954540054247B /* Debug */ = {
			isa = XCBuildConfiguration;
			buildSettings = {
				ARCHS = x86_64;
				CLANG_CXX_LANGUAGE_STANDARD = "c++17";
				CLANG_CXX_LIBRARY = "libc++";
				CLANG_WARN_BLOCK_CAPTURE_AUTORELEASING = YES;
				CLANG_WARN_BOOL_CONVERSION = YES;
				CLANG_WARN_COMMA = YES;
				CLANG_WARN_CONSTANT_CONVERSION = YES;
				CLANG_WARN_DEPRECATED_OBJC_IMPLEMENTATIONS = YES;
				CLANG_WARN_EMPTY_BODY = YES;
				CLANG_WARN_ENUM_CONVERSION = YES;
				CLANG_WARN_INFINITE_RECURSION = YES;
				CLANG_WARN_INT_CONVERSION = YES;
				CLANG_WARN_NON_LITERAL_NULL_CONVERSION = YES;
				CLANG_WARN_OBJC_IMPLICIT_RETAIN_SELF = YES;
				CLANG_WARN_OBJC_LITERAL_CONVERSION = YES;
				CLANG_WARN_RANGE_LOOP_ANALYSIS = YES;
				CLANG_WARN_STRICT_PROTOTYPES = YES;
				CLANG_WARN_SUSPICIOUS_MOVE = YES;
				CLANG_WARN_UNREACHABLE_CODE = YES;
				CLANG_WARN__DUPLICATE_METHOD_MATCH = YES;
				DEAD_CODE_STRIPPING = YES;
				ENABLE_STRICT_OBJC_MSGSEND = YES;
				GCC_FAST_MATH = YES;
				GCC_INPUT_FILETYPE = sourcecode.cpp.objcpp;
				GCC_NO_COMMON_BLOCKS = YES;
				GCC_OPTIMIZATION_LEVEL = 0;
				GCC_PRECOMPILE_PREFIX_HEADER = YES;
				GCC_PREFIX_HEADER = stdafx.h;
				GCC_PREPROCESSOR_DEFINITIONS = "DEBUG=1";
				GCC_THREADSAFE_STATICS = NO;
				GCC_WARN_64_TO_32_BIT_CONVERSION = YES;
				GCC_WARN_ABOUT_INVALID_OFFSETOF_MACRO = NO;
				GCC_WARN_ABOUT_RETURN_TYPE = YES;
				GCC_WARN_UNDECLARED_SELECTOR = YES;
				GCC_WARN_UNINITIALIZED_AUTOS = YES;
				GCC_WARN_UNUSED_FUNCTION = YES;
				GCC_WARN_UNUSED_VARIABLE = YES;
				HEADER_SEARCH_PATHS = (
					../ThirdPartyLibs,
					../ThirdPartyLibs/Bullet/lib/src,
					../ThirdPartyLibs/FBX,
					../ThirdPartyLibs/Vorbis/include,
					../ThirdPartyLibs/Ogg/include,
					../ThirdPartyLibs/Theora/include,
					../ThirdPartyLibs/Cg/Mac,
					.,
				);
				ONLY_ACTIVE_ARCH = YES;
				OTHER_CFLAGS = (
					"-fshort-wchar",
					"-fpermissive",
					"-fms-extensions",
				);
				OTHER_LDFLAGS = (
					"-framework",
					SystemConfiguration,
					"-framework",
					Carbon,
					"-framework",
					Cocoa,
					"-framework",
					OpenGL,
					"-framework",
					OpenAL,
					"-framework",
					IOKit,
					"-lz",
					"-liodbc",
					"-liconv",
					"-stdlib=libc++",
				);
				SEPARATE_STRIP = YES;
				WARNING_CFLAGS = (
					"-Wno-address-of-temporary",
					"-Wno-comment",
					"-Wno-parentheses",
					"-Wno-switch",
					"-Wno-logical-op-parentheses",
					"-Wno-null-dereference",
					"-Wno-int-to-void-pointer-cast",
					"-Wno-sometimes-uninitialized",
					"-Wno-unnamed-type-template-args",
					"-Wno-local-type-template-args",
					"-Wno-unknown-pragmas",
				);
			};
			name = Debug;
		};
		C01FCF5008A954540054247B /* Release */ = {
			isa = XCBuildConfiguration;
			buildSettings = {
				ARCHS = x86_64;
				CLANG_CXX_LANGUAGE_STANDARD = "c++17";
				CLANG_CXX_LIBRARY = "libc++";
				CLANG_WARN_BLOCK_CAPTURE_AUTORELEASING = YES;
				CLANG_WARN_BOOL_CONVERSION = YES;
				CLANG_WARN_COMMA = YES;
				CLANG_WARN_CONSTANT_CONVERSION = YES;
				CLANG_WARN_DEPRECATED_OBJC_IMPLEMENTATIONS = YES;
				CLANG_WARN_EMPTY_BODY = YES;
				CLANG_WARN_ENUM_CONVERSION = YES;
				CLANG_WARN_INFINITE_RECURSION = YES;
				CLANG_WARN_INT_CONVERSION = YES;
				CLANG_WARN_NON_LITERAL_NULL_CONVERSION = YES;
				CLANG_WARN_OBJC_IMPLICIT_RETAIN_SELF = YES;
				CLANG_WARN_OBJC_LITERAL_CONVERSION = YES;
				CLANG_WARN_RANGE_LOOP_ANALYSIS = YES;
				CLANG_WARN_STRICT_PROTOTYPES = YES;
				CLANG_WARN_SUSPICIOUS_MOVE = YES;
				CLANG_WARN_UNREACHABLE_CODE = YES;
				CLANG_WARN__DUPLICATE_METHOD_MATCH = YES;
				DEAD_CODE_STRIPPING = YES;
				ENABLE_STRICT_OBJC_MSGSEND = YES;
				GCC_FAST_MATH = YES;
				GCC_GENERATE_DEBUGGING_SYMBOLS = NO;
				GCC_INPUT_FILETYPE = sourcecode.cpp.objcpp;
				GCC_NO_COMMON_BLOCKS = YES;
				GCC_PRECOMPILE_PREFIX_HEADER = YES;
				GCC_PREFIX_HEADER = stdafx.h;
				GCC_PREPROCESSOR_DEFINITIONS = "DEBUG=0";
				GCC_THREADSAFE_STATICS = NO;
				GCC_WARN_64_TO_32_BIT_CONVERSION = YES;
				GCC_WARN_ABOUT_INVALID_OFFSETOF_MACRO = NO;
				GCC_WARN_ABOUT_RETURN_TYPE = YES;
				GCC_WARN_UNDECLARED_SELECTOR = YES;
				GCC_WARN_UNINITIALIZED_AUTOS = YES;
				GCC_WARN_UNUSED_FUNCTION = YES;
				GCC_WARN_UNUSED_VARIABLE = YES;
				HEADER_SEARCH_PATHS = (
					../ThirdPartyLibs,
					../ThirdPartyLibs/Bullet/lib/src,
					../ThirdPartyLibs/FBX,
					../ThirdPartyLibs/Vorbis/include,
					../ThirdPartyLibs/Ogg/include,
					../ThirdPartyLibs/Theora/include,
					../ThirdPartyLibs/Cg/Mac,
					.,
				);
				OTHER_CFLAGS = (
					"-fshort-wchar",
					"-fpermissive",
					"-fms-extensions",
				);
				OTHER_LDFLAGS = (
					"-framework",
					SystemConfiguration,
					"-framework",
					Carbon,
					"-framework",
					Cocoa,
					"-framework",
					OpenGL,
					"-framework",
					OpenAL,
					"-framework",
					IOKit,
					"-lz",
					"-liodbc",
					"-liconv",
					"-stdlib=libc++",
				);
				SEPARATE_STRIP = YES;
				STRIP_INSTALLED_PRODUCT = YES;
				WARNING_CFLAGS = (
					"-Wno-address-of-temporary",
					"-Wno-comment",
					"-Wno-parentheses",
					"-Wno-switch",
					"-Wno-logical-op-parentheses",
					"-Wno-null-dereference",
					"-Wno-int-to-void-pointer-cast",
					"-Wno-sometimes-uninitialized",
					"-Wno-unnamed-type-template-args",
					"-Wno-local-type-template-args",
					"-Wno-unknown-pragmas",
				);
			};
			name = Release;
		};
/* End XCBuildConfiguration section */

/* Begin XCConfigurationList section */
		0B10005016CD7000006A0106 /* Build configuration list for PBXNativeTarget "Mac" */ = {
			isa = XCConfigurationList;
			buildConfigurations = (
				0B10005116CD7000006A0106 /* Debug */,
				0B10005216CD7000006A0106 /* Release */,
			);
			defaultConfigurationIsVisible = 0;
			defaultConfigurationName = Release;
		};
		C01FCF4E08A954540054247B /* Build configuration list for PBXProject "Project" */ = {
			isa = XCConfigurationList;
			buildConfigurations = (
				C01FCF4F08A954540054247B /* Debug */,
				C01FCF5008A954540054247B /* Release */,
			);
			defaultConfigurationIsVisible = 0;
			defaultConfigurationName = Release;
		};
/* End XCConfigurationList section */
	};
	rootObject = 29B97313FDCFA39411CA2CEA /* Project object */;
}
